
Microsoft Visual Studio Solution File, Format Version 12.00
# Visual Studio 15
VisualStudioVersion = 15.0.27703.2035
MinimumVisualStudioVersion = 10.0.40219.1
Project("{888888A0-9F3D-457C-B088-3A5042F75D52}") = "PlacementTech", "PlacementTech\PlacementTech.pyproj", "{0CD5B420-DDE0-4F3A-BE68-D5C79EECFC67}"
EndProject
Global
	GlobalSection(SolutionConfigurationPlatforms) = preSolution
		Debug|Any CPU = Debug|Any CPU
		Release|Any CPU = Release|Any CPU
	EndGlobalSection
	GlobalSection(ProjectConfigurationPlatforms) = postSolution
		{0CD5B420-DDE0-4F3A-BE68-D5C79EECFC67}.Debug|Any CPU.ActiveCfg = Debug|Any CPU
		{0CD5B420-DDE0-4F3A-BE68-D5C79EECFC67}.Release|Any CPU.ActiveCfg = Release|Any CPU
	EndGlobalSection
	GlobalSection(SolutionProperties) = preSolution
		HideSolutionNode = FALSE
	EndGlobalSection
	GlobalSection(ExtensibilityGlobals) = postSolution
		SolutionGuid = {655FF58E-EA04-4DD6-8582-E26A86DEB9EB}
	EndGlobalSection
EndGlobal
